// !$*UTF8*$!
{
	archiveVersion = 1;
	classes = {
	};
	objectVersion = 55;
	objects = {

/* Begin PBXBuildFile section */
		F1438165277256A0009BF94C /* HomeConfigurator.swift in Sources */ = {isa = PBXBuildFile; fileRef = F1438164277256A0009BF94C /* HomeConfigurator.swift */; };
		F14381672772592E009BF94C /* HomePresenter.swift in Sources */ = {isa = PBXBuildFile; fileRef = F14381662772592E009BF94C /* HomePresenter.swift */; };
		F143816927725AB8009BF94C /* HomeRouter.swift in Sources */ = {isa = PBXBuildFile; fileRef = F143816827725AB8009BF94C /* HomeRouter.swift */; };
		F143816B27725C37009BF94C /* HomeViewController.swift in Sources */ = {isa = PBXBuildFile; fileRef = F143816A27725C37009BF94C /* HomeViewController.swift */; };
		F1A6646B2773B5D90036A58B /* BasePresentersProtocols.swift in Sources */ = {isa = PBXBuildFile; fileRef = F1A6646A2773B5D90036A58B /* BasePresentersProtocols.swift */; };
		F1A6646D2773B8FC0036A58B /* Router.swift in Sources */ = {isa = PBXBuildFile; fileRef = F1A6646C2773B8FC0036A58B /* Router.swift */; };
		F1BBA2D52783266700EC37E2 /* HomeCollectionView.swift in Sources */ = {isa = PBXBuildFile; fileRef = F1BBA2D42783266700EC37E2 /* HomeCollectionView.swift */; };
		F1C668992769371600C1C42D /* AppDelegate.swift in Sources */ = {isa = PBXBuildFile; fileRef = F1C668982769371600C1C42D /* AppDelegate.swift */; };
		F1C6689B2769371600C1C42D /* SceneDelegate.swift in Sources */ = {isa = PBXBuildFile; fileRef = F1C6689A2769371600C1C42D /* SceneDelegate.swift */; };
		F1C6689D2769371600C1C42D /* ViewController.swift in Sources */ = {isa = PBXBuildFile; fileRef = F1C6689C2769371600C1C42D /* ViewController.swift */; };
		F1C668A22769371800C1C42D /* Assets.xcassets in Resources */ = {isa = PBXBuildFile; fileRef = F1C668A12769371800C1C42D /* Assets.xcassets */; };
		F1C668A52769371900C1C42D /* LaunchScreen.storyboard in Resources */ = {isa = PBXBuildFile; fileRef = F1C668A32769371900C1C42D /* LaunchScreen.storyboard */; };
		F1C668AE2769384500C1C42D /* Model.swift in Sources */ = {isa = PBXBuildFile; fileRef = F1C668AD2769384500C1C42D /* Model.swift */; };
		F1DC41C82781E58A0041E1B9 /* HomeTableView.swift in Sources */ = {isa = PBXBuildFile; fileRef = F1DC41C72781E58A0041E1B9 /* HomeTableView.swift */; };
/* End PBXBuildFile section */

/* Begin PBXFileReference section */
		F1438164277256A0009BF94C /* HomeConfigurator.swift */ = {isa = PBXFileReference; lastKnownFileType = sourcecode.swift; path = HomeConfigurator.swift; sourceTree = "<group>"; };
		F14381662772592E009BF94C /* HomePresenter.swift */ = {isa = PBXFileReference; lastKnownFileType = sourcecode.swift; path = HomePresenter.swift; sourceTree = "<group>"; };
		F143816827725AB8009BF94C /* HomeRouter.swift */ = {isa = PBXFileReference; lastKnownFileType = sourcecode.swift; path = HomeRouter.swift; sourceTree = "<group>"; };
		F143816A27725C37009BF94C /* HomeViewController.swift */ = {isa = PBXFileReference; lastKnownFileType = sourcecode.swift; path = HomeViewController.swift; sourceTree = "<group>"; };
		F1A6646A2773B5D90036A58B /* BasePresentersProtocols.swift */ = {isa = PBXFileReference; lastKnownFileType = sourcecode.swift; path = BasePresentersProtocols.swift; sourceTree = "<group>"; };
		F1A6646C2773B8FC0036A58B /* Router.swift */ = {isa = PBXFileReference; lastKnownFileType = sourcecode.swift; path = Router.swift; sourceTree = "<group>"; };
		F1BBA2D42783266700EC37E2 /* HomeCollectionView.swift */ = {isa = PBXFileReference; lastKnownFileType = sourcecode.swift; path = HomeCollectionView.swift; sourceTree = "<group>"; };
		F1C668952769371600C1C42D /* MVPmyProject.app */ = {isa = PBXFileReference; explicitFileType = wrapper.application; includeInIndex = 0; path = MVPmyProject.app; sourceTree = BUILT_PRODUCTS_DIR; };
		F1C668982769371600C1C42D /* AppDelegate.swift */ = {isa = PBXFileReference; lastKnownFileType = sourcecode.swift; path = AppDelegate.swift; sourceTree = "<group>"; };
		F1C6689A2769371600C1C42D /* SceneDelegate.swift */ = {isa = PBXFileReference; lastKnownFileType = sourcecode.swift; path = SceneDelegate.swift; sourceTree = "<group>"; };
		F1C6689C2769371600C1C42D /* ViewController.swift */ = {isa = PBXFileReference; lastKnownFileType = sourcecode.swift; path = ViewController.swift; sourceTree = "<group>"; };
		F1C668A12769371800C1C42D /* Assets.xcassets */ = {isa = PBXFileReference; lastKnownFileType = folder.assetcatalog; path = Assets.xcassets; sourceTree = "<group>"; };
		F1C668A42769371900C1C42D /* Base */ = {isa = PBXFileReference; lastKnownFileType = file.storyboard; name = Base; path = Base.lproj/LaunchScreen.storyboard; sourceTree = "<group>"; };
		F1C668A62769371900C1C42D /* Info.plist */ = {isa = PBXFileReference; lastKnownFileType = text.plist.xml; path = Info.plist; sourceTree = "<group>"; };
		F1C668AD2769384500C1C42D /* Model.swift */ = {isa = PBXFileReference; lastKnownFileType = sourcecode.swift; path = Model.swift; sourceTree = "<group>"; };
		F1DC41C72781E58A0041E1B9 /* HomeTableView.swift */ = {isa = PBXFileReference; lastKnownFileType = sourcecode.swift; path = HomeTableView.swift; sourceTree = "<group>"; };
/* End PBXFileReference section */

/* Begin PBXFrameworksBuildPhase section */
		F1C668922769371600C1C42D /* Frameworks */ = {
			isa = PBXFrameworksBuildPhase;
			buildActionMask = 2147483647;
			files = (
			);
			runOnlyForDeploymentPostprocessing = 0;
		};
/* End PBXFrameworksBuildPhase section */

/* Begin PBXGroup section */
		F1A664682773B4820036A58B /* Helpers */ = {
			isa = PBXGroup;
			children = (
				F1A664692773B4B80036A58B /* Base */,
			);
			path = Helpers;
			sourceTree = "<group>";
		};
		F1A664692773B4B80036A58B /* Base */ = {
			isa = PBXGroup;
			children = (
				F1A6646A2773B5D90036A58B /* BasePresentersProtocols.swift */,
				F1A6646C2773B8FC0036A58B /* Router.swift */,
			);
			path = Base;
			sourceTree = "<group>";
		};
		F1A6F0B42773B358003B9F04 /* App */ = {
			isa = PBXGroup;
			children = (
				F1C6689A2769371600C1C42D /* SceneDelegate.swift */,
				F1C668982769371600C1C42D /* AppDelegate.swift */,
			);
			path = App;
			sourceTree = "<group>";
		};
		F1A6F0B62773B3A3003B9F04 /* Modules */ = {
			isa = PBXGroup;
			children = (
				F1A6F0B72773B3B1003B9F04 /* Home */,
			);
			path = Modules;
			sourceTree = "<group>";
		};
		F1A6F0B72773B3B1003B9F04 /* Home */ = {
			isa = PBXGroup;
			children = (
				F1DC41C62781E5740041E1B9 /* View */,
				F143816A27725C37009BF94C /* HomeViewController.swift */,
				F143816827725AB8009BF94C /* HomeRouter.swift */,
				F14381662772592E009BF94C /* HomePresenter.swift */,
				F1438164277256A0009BF94C /* HomeConfigurator.swift */,
			);
			path = Home;
			sourceTree = "<group>";
		};
		F1C6688C2769371600C1C42D = {
			isa = PBXGroup;
			children = (
				F1C668972769371600C1C42D /* MVPmyProject */,
				F1C668962769371600C1C42D /* Products */,
			);
			sourceTree = "<group>";
		};
		F1C668962769371600C1C42D /* Products */ = {
			isa = PBXGroup;
			children = (
				F1C668952769371600C1C42D /* MVPmyProject.app */,
			);
			name = Products;
			sourceTree = "<group>";
		};
		F1C668972769371600C1C42D /* MVPmyProject */ = {
			isa = PBXGroup;
			children = (
				F1A664682773B4820036A58B /* Helpers */,
				F1A6F0B62773B3A3003B9F04 /* Modules */,
				F1A6F0B42773B358003B9F04 /* App */,
				F1C668A12769371800C1C42D /* Assets.xcassets */,
				F1C668A32769371900C1C42D /* LaunchScreen.storyboard */,
				F1C668A62769371900C1C42D /* Info.plist */,
				F1C6689C2769371600C1C42D /* ViewController.swift */,
				F1C668AD2769384500C1C42D /* Model.swift */,
			);
			path = MVPmyProject;
			sourceTree = "<group>";
		};
		F1DC41C62781E5740041E1B9 /* View */ = {
			isa = PBXGroup;
			children = (
				F1DC41C72781E58A0041E1B9 /* HomeTableView.swift */,
				F1BBA2D42783266700EC37E2 /* HomeCollectionView.swift */,
			);
			path = View;
			sourceTree = "<group>";
		};
/* End PBXGroup section */

/* Begin PBXNativeTarget section */
		F1C668942769371600C1C42D /* MVPmyProject */ = {
			isa = PBXNativeTarget;
			buildConfigurationList = F1C668A92769371900C1C42D /* Build configuration list for PBXNativeTarget "MVPmyProject" */;
			buildPhases = (
				F1C668912769371600C1C42D /* Sources */,
				F1C668922769371600C1C42D /* Frameworks */,
				F1C668932769371600C1C42D /* Resources */,
			);
			buildRules = (
			);
			dependencies = (
			);
			name = MVPmyProject;
			productName = MVPmyProject;
			productReference = F1C668952769371600C1C42D /* MVPmyProject.app */;
			productType = "com.apple.product-type.application";
		};
/* End PBXNativeTarget section */

/* Begin PBXProject section */
		F1C6688D2769371600C1C42D /* Project object */ = {
			isa = PBXProject;
			attributes = {
				BuildIndependentTargetsInParallel = 1;
				LastSwiftUpdateCheck = 1310;
				LastUpgradeCheck = 1310;
				TargetAttributes = {
					F1C668942769371600C1C42D = {
						CreatedOnToolsVersion = 13.1;
					};
				};
			};
			buildConfigurationList = F1C668902769371600C1C42D /* Build configuration list for PBXProject "MVPmyProject" */;
			compatibilityVersion = "Xcode 13.0";
			developmentRegion = en;
			hasScannedForEncodings = 0;
			knownRegions = (
				en,
				Base,
			);
			mainGroup = F1C6688C2769371600C1C42D;
			productRefGroup = F1C668962769371600C1C42D /* Products */;
			projectDirPath = "";
			projectRoot = "";
			targets = (
				F1C668942769371600C1C42D /* MVPmyProject */,
			);
		};
/* End PBXProject section */

/* Begin PBXResourcesBuildPhase section */
		F1C668932769371600C1C42D /* Resources */ = {
			isa = PBXResourcesBuildPhase;
			buildActionMask = 2147483647;
			files = (
				F1C668A52769371900C1C42D /* LaunchScreen.storyboard in Resources */,
				F1C668A22769371800C1C42D /* Assets.xcassets in Resources */,
			);
			runOnlyForDeploymentPostprocessing = 0;
		};
/* End PBXResourcesBuildPhase section */

/* Begin PBXSourcesBuildPhase section */
		F1C668912769371600C1C42D /* Sources */ = {
			isa = PBXSourcesBuildPhase;
			buildActionMask = 2147483647;
			files = (
				F14381672772592E009BF94C /* HomePresenter.swift in Sources */,
				F1C6689D2769371600C1C42D /* ViewController.swift in Sources */,
				F1A6646D2773B8FC0036A58B /* Router.swift in Sources */,
				F1C668992769371600C1C42D /* AppDelegate.swift in Sources */,
				F1C6689B2769371600C1C42D /* SceneDelegate.swift in Sources */,
				F1438165277256A0009BF94C /* HomeConfigurator.swift in Sources */,
				F1DC41C82781E58A0041E1B9 /* HomeTableView.swift in Sources */,
				F143816B27725C37009BF94C /* HomeViewController.swift in Sources */,
				F1A6646B2773B5D90036A58B /* BasePresentersProtocols.swift in Sources */,
				F143816927725AB8009BF94C /* HomeRouter.swift in Sources */,
				F1C668AE2769384500C1C42D /* Model.swift in Sources */,
				F1BBA2D52783266700EC37E2 /* HomeCollectionView.swift in Sources */,
			);
			runOnlyForDeploymentPostprocessing = 0;
		};
/* End PBXSourcesBuildPhase section */

/* Begin PBXVariantGroup section */
		F1C668A32769371900C1C42D /* LaunchScreen.storyboard */ = {
			isa = PBXVariantGroup;
			children = (
				F1C668A42769371900C1C42D /* Base */,
			);
			name = LaunchScreen.storyboard;
			sourceTree = "<group>";
		};
/* End PBXVariantGroup section */

/* Begin XCBuildConfiguration section */
		F1C668A72769371900C1C42D /* Debug */ = {
			isa = XCBuildConfiguration;
			buildSettings = {
				ALWAYS_SEARCH_USER_PATHS = NO;
				CLANG_ANALYZER_NONNULL = YES;
				CLANG_ANALYZER_NUMBER_OBJECT_CONVERSION = YES_AGGRESSIVE;
				CLANG_CXX_LANGUAGE_STANDARD = "gnu++17";
				CLANG_CXX_LIBRARY = "libc++";
				CLANG_ENABLE_MODULES = YES;
				CLANG_ENABLE_OBJC_ARC = YES;
				CLANG_ENABLE_OBJC_WEAK = YES;
				CLANG_WARN_BLOCK_CAPTURE_AUTORELEASING = YES;
				CLANG_WARN_BOOL_CONVERSION = YES;
				CLANG_WARN_COMMA = YES;
				CLANG_WARN_CONSTANT_CONVERSION = YES;
				CLANG_WARN_DEPRECATED_OBJC_IMPLEMENTATIONS = YES;
				CLANG_WARN_DIRECT_OBJC_ISA_USAGE = YES_ERROR;
				CLANG_WARN_DOCUMENTATION_COMMENTS = YES;
				CLANG_WARN_EMPTY_BODY = YES;
				CLANG_WARN_ENUM_CONVERSION = YES;
				CLANG_WARN_INFINITE_RECURSION = YES;
				CLANG_WARN_INT_CONVERSION = YES;
				CLANG_WARN_NON_LITERAL_NULL_CONVERSION = YES;
				CLANG_WARN_OBJC_IMPLICIT_RETAIN_SELF = YES;
				CLANG_WARN_OBJC_LITERAL_CONVERSION = YES;
				CLANG_WARN_OBJC_ROOT_CLASS = YES_ERROR;
				CLANG_WARN_QUOTED_INCLUDE_IN_FRAMEWORK_HEADER = YES;
				CLANG_WARN_RANGE_LOOP_ANALYSIS = YES;
				CLANG_WARN_STRICT_PROTOTYPES = YES;
				CLANG_WARN_SUSPICIOUS_MOVE = YES;
				CLANG_WARN_UNGUARDED_AVAILABILITY = YES_AGGRESSIVE;
				CLANG_WARN_UNREACHABLE_CODE = YES;
				CLANG_WARN__DUPLICATE_METHOD_MATCH = YES;
				COPY_PHASE_STRIP = NO;
				DEBUG_INFORMATION_FORMAT = dwarf;
				ENABLE_STRICT_OBJC_MSGSEND = YES;
				ENABLE_TESTABILITY = YES;
				GCC_C_LANGUAGE_STANDARD = gnu11;
				GCC_DYNAMIC_NO_PIC = NO;
				GCC_NO_COMMON_BLOCKS = YES;
				GCC_OPTIMIZATION_LEVEL = 0;
				GCC_PREPROCESSOR_DEFINITIONS = (
					"DEBUG=1",
					"$(inherited)",
				);
				GCC_WARN_64_TO_32_BIT_CONVERSION = YES;
				GCC_WARN_ABOUT_RETURN_TYPE = YES_ERROR;
				GCC_WARN_UNDECLARED_SELECTOR = YES;
				GCC_WARN_UNINITIALIZED_AUTOS = YES_AGGRESSIVE;
				GCC_WARN_UNUSED_FUNCTION = YES;
				GCC_WARN_UNUSED_VARIABLE = YES;
				IPHONEOS_DEPLOYMENT_TARGET = 15.0;
				MTL_ENABLE_DEBUG_INFO = INCLUDE_SOURCE;
				MTL_FAST_MATH = YES;
				ONLY_ACTIVE_ARCH = YES;
				SDKROOT = iphoneos;
				SWIFT_ACTIVE_COMPILATION_CONDITIONS = DEBUG;
				SWIFT_OPTIMIZATION_LEVEL = "-Onone";
			};
			name = Debug;
		};
		F1C668A82769371900C1C42D /* Release */ = {
			isa = XCBuildConfiguration;
			buildSettings = {
				ALWAYS_SEARCH_USER_PATHS = NO;
				CLANG_ANALYZER_NONNULL = YES;
				CLANG_ANALYZER_NUMBER_OBJECT_CONVERSION = YES_AGGRESSIVE;
				CLANG_CXX_LANGUAGE_STANDARD = "gnu++17";
				CLANG_CXX_LIBRARY = "libc++";
				CLANG_ENABLE_MODULES = YES;
				CLANG_ENABLE_OBJC_ARC = YES;
				CLANG_ENABLE_OBJC_WEAK = YES;
				CLANG_WARN_BLOCK_CAPTURE_AUTORELEASING = YES;
				CLANG_WARN_BOOL_CONVERSION = YES;
				CLANG_WARN_COMMA = YES;
				CLANG_WARN_CONSTANT_CONVERSION = YES;
				CLANG_WARN_DEPRECATED_OBJC_IMPLEMENTATIONS = YES;
				CLANG_WARN_DIRECT_OBJC_ISA_USAGE = YES_ERROR;
				CLANG_WARN_DOCUMENTATION_COMMENTS = YES;
				CLANG_WARN_EMPTY_BODY = YES;
				CLANG_WARN_ENUM_CONVERSION = YES;
				CLANG_WARN_INFINITE_RECURSION = YES;
				CLANG_WARN_INT_CONVERSION = YES;
				CLANG_WARN_NON_LITERAL_NULL_CONVERSION = YES;
				CLANG_WARN_OBJC_IMPLICIT_RETAIN_SELF = YES;
				CLANG_WARN_OBJC_LITERAL_CONVERSION = YES;
				CLANG_WARN_OBJC_ROOT_CLASS = YES_ERROR;
				CLANG_WARN_QUOTED_INCLUDE_IN_FRAMEWORK_HEADER = YES;
				CLANG_WARN_RANGE_LOOP_ANALYSIS = YES;
				CLANG_WARN_STRICT_PROTOTYPES = YES;
				CLANG_WARN_SUSPICIOUS_MOVE = YES;
				CLANG_WARN_UNGUARDED_AVAILABILITY = YES_AGGRESSIVE;
				CLANG_WARN_UNREACHABLE_CODE = YES;
				CLANG_WARN__DUPLICATE_METHOD_MATCH = YES;
				COPY_PHASE_STRIP = NO;
				DEBUG_INFORMATION_FORMAT = "dwarf-with-dsym";
				ENABLE_NS_ASSERTIONS = NO;
				ENABLE_STRICT_OBJC_MSGSEND = YES;
				GCC_C_LANGUAGE_STANDARD = gnu11;
				GCC_NO_COMMON_BLOCKS = YES;
				GCC_WARN_64_TO_32_BIT_CONVERSION = YES;
				GCC_WARN_ABOUT_RETURN_TYPE = YES_ERROR;
				GCC_WARN_UNDECLARED_SELECTOR = YES;
				GCC_WARN_UNINITIALIZED_AUTOS = YES_AGGRESSIVE;
				GCC_WARN_UNUSED_FUNCTION = YES;
				GCC_WARN_UNUSED_VARIABLE = YES;
				IPHONEOS_DEPLOYMENT_TARGET = 15.0;
				MTL_ENABLE_DEBUG_INFO = NO;
				MTL_FAST_MATH = YES;
				SDKROOT = iphoneos;
				SWIFT_COMPILATION_MODE = wholemodule;
				SWIFT_OPTIMIZATION_LEVEL = "-O";
				VALIDATE_PRODUCT = YES;
			};
			name = Release;
		};
		F1C668AA2769371900C1C42D /* Debug */ = {
			isa = XCBuildConfiguration;
			buildSettings = {
				ASSETCATALOG_COMPILER_APPICON_NAME = AppIcon;
				ASSETCATALOG_COMPILER_GLOBAL_ACCENT_COLOR_NAME = AccentColor;
				CODE_SIGN_STYLE = Automatic;
				CURRENT_PROJECT_VERSION = 1;
				DEVELOPMENT_TEAM = H25M6YZ3R2;
				GENERATE_INFOPLIST_FILE = YES;
				INFOPLIST_FILE = MVPmyProject/Info.plist;
				INFOPLIST_KEY_UIApplicationSupportsIndirectInputEvents = YES;
				INFOPLIST_KEY_UILaunchStoryboardName = LaunchScreen;
				INFOPLIST_KEY_UISupportedInterfaceOrientations_iPad = "UIInterfaceOrientationPortrait UIInterfaceOrientationPortraitUpsideDown UIInterfaceOrientationLandscapeLeft UIInterfaceOrientationLandscapeRight";
				INFOPLIST_KEY_UISupportedInterfaceOrientations_iPhone = "UIInterfaceOrientationPortrait UIInterfaceOrientationLandscapeLeft UIInterfaceOrientationLandscapeRight";
				LD_RUNPATH_SEARCH_PATHS = (
					"$(inherited)",
					"@executable_path/Frameworks",
				);
				MARKETING_VERSION = 1.0;
				PRODUCT_BUNDLE_IDENTIFIER = "Ivan-Prokopyev.MVPmyProject";
				PRODUCT_NAME = "$(TARGET_NAME)";
				SWIFT_EMIT_LOC_STRINGS = YES;
				SWIFT_VERSION = 5.0;
				TARGETED_DEVICE_FAMILY = "1,2";
			};
			name = Debug;
		};
		F1C668AB2769371900C1C42D /* Release */ = {
			isa = XCBuildConfiguration;
			buildSettings = {
				ASSETCATALOG_COMPILER_APPICON_NAME = AppIcon;
				ASSETCATALOG_COMPILER_GLOBAL_ACCENT_COLOR_NAME = AccentColor;
				CODE_SIGN_STYLE = Automatic;
				CURRENT_PROJECT_VERSION = 1;
				DEVELOPMENT_TEAM = H25M6YZ3R2;
				GENERATE_INFOPLIST_FILE = YES;
				INFOPLIST_FILE = MVPmyProject/Info.plist;
				INFOPLIST_KEY_UIApplicationSupportsIndirectInputEvents = YES;
				INFOPLIST_KEY_UILaunchStoryboardName = LaunchScreen;
				INFOPLIST_KEY_UISupportedInterfaceOrientations_iPad = "UIInterfaceOrientationPortrait UIInterfaceOrientationPortraitUpsideDown UIInterfaceOrientationLandscapeLeft UIInterfaceOrientationLandscapeRight";
				INFOPLIST_KEY_UISupportedInterfaceOrientations_iPhone = "UIInterfaceOrientationPortrait UIInterfaceOrientationLandscapeLeft UIInterfaceOrientationLandscapeRight";
				LD_RUNPATH_SEARCH_PATHS = (
					"$(inherited)",
					"@executable_path/Frameworks",
				);
				MARKETING_VERSION = 1.0;
				PRODUCT_BUNDLE_IDENTIFIER = "Ivan-Prokopyev.MVPmyProject";
				PRODUCT_NAME = "$(TARGET_NAME)";
				SWIFT_EMIT_LOC_STRINGS = YES;
				SWIFT_VERSION = 5.0;
				TARGETED_DEVICE_FAMILY = "1,2";
			};
			name = Release;
		};
/* End XCBuildConfiguration section */

/* Begin XCConfigurationList section */
		F1C668902769371600C1C42D /* Build configuration list for PBXProject "MVPmyProject" */ = {
			isa = XCConfigurationList;
			buildConfigurations = (
				F1C668A72769371900C1C42D /* Debug */,
				F1C668A82769371900C1C42D /* Release */,
			);
			defaultConfigurationIsVisible = 0;
			defaultConfigurationName = Release;
		};
		F1C668A92769371900C1C42D /* Build configuration list for PBXNativeTarget "MVPmyProject" */ = {
			isa = XCConfigurationList;
			buildConfigurations = (
				F1C668AA2769371900C1C42D /* Debug */,
				F1C668AB2769371900C1C42D /* Release */,
			);
			defaultConfigurationIsVisible = 0;
			defaultConfigurationName = Release;
		};
/* End XCConfigurationList section */
	};
	rootObject = F1C6688D2769371600C1C42D /* Project object */;
}
